
Microsoft Visual Studio Solution File, Format Version 12.00
# Visual Studio Version 17
VisualStudioVersion = 17.14.36603.0
MinimumVisualStudioVersion = 10.0.40219.1
Project("{FAE04EC0-301F-11D3-BF4B-00C04F79EFBC}") = "IntroductionToDOTNET", "IntroductionToDOTNET\IntroductionToDOTNET.csproj", "{73225056-5044-496F-945B-8CB5B50ED723}"
EndProject
Project("{FAE04EC0-301F-11D3-BF4B-00C04F79EFBC}") = "DataTypes", "DataTypes\DataTypes.csproj", "{A8A254BA-CA67-48E7-A359-86DFDEB2196B}"
EndProject
Project("{FAE04EC0-301F-11D3-BF4B-00C04F79EFBC}") = "Game", "Game\Game.csproj", "{42599C45-5981-4AD9-BF33-E117528C1CF1}"
EndProject
Project("{FAE04EC0-301F-11D3-BF4B-00C04F79EFBC}") = "Arrays", "Arrays\Arrays.csproj", "{CF4A0928-B456-49E5-9B8B-25307F6EC1FC}"
EndProject
Project("{FAE04EC0-301F-11D3-BF4B-00C04F79EFBC}") = "Calc", "Calc\Calc.csproj", "{228A9459-BD3D-4EF9-9C8B-9DEB44233D78}"
EndProject
Project("{FAE04EC0-301F-11D3-BF4B-00C04F79EFBC}") = "Calc2", "Calc2\Calc2.csproj", "{B07FF48B-3D85-49D3-A487-C46596BCFF1B}"
EndProject
Global
	GlobalSection(SolutionConfigurationPlatforms) = preSolution
		Debug|Any CPU = Debug|Any CPU
		Release|Any CPU = Release|Any CPU
	EndGlobalSection
	GlobalSection(ProjectConfigurationPlatforms) = postSolution
		{73225056-5044-496F-945B-8CB5B50ED723}.Debug|Any CPU.ActiveCfg = Debug|Any CPU
		{73225056-5044-496F-945B-8CB5B50ED723}.Debug|Any CPU.Build.0 = Debug|Any CPU
		{73225056-5044-496F-945B-8CB5B50ED723}.Release|Any CPU.ActiveCfg = Release|Any CPU
		{73225056-5044-496F-945B-8CB5B50ED723}.Release|Any CPU.Build.0 = Release|Any CPU
		{A8A254BA-CA67-48E7-A359-86DFDEB2196B}.Debug|Any CPU.ActiveCfg = Debug|Any CPU
		{A8A254BA-CA67-48E7-A359-86DFDEB2196B}.Debug|Any CPU.Build.0 = Debug|Any CPU
		{A8A254BA-CA67-48E7-A359-86DFDEB2196B}.Release|Any CPU.ActiveCfg = Release|Any CPU
		{A8A254BA-CA67-48E7-A359-86DFDEB2196B}.Release|Any CPU.Build.0 = Release|Any CPU
		{42599C45-5981-4AD9-BF33-E117528C1CF1}.Debug|Any CPU.ActiveCfg = Debug|Any CPU
		{42599C45-5981-4AD9-BF33-E117528C1CF1}.Debug|Any CPU.Build.0 = Debug|Any CPU
		{42599C45-5981-4AD9-BF33-E117528C1CF1}.Release|Any CPU.ActiveCfg = Release|Any CPU
		{42599C45-5981-4AD9-BF33-E117528C1CF1}.Release|Any CPU.Build.0 = Release|Any CPU
		{CF4A0928-B456-49E5-9B8B-25307F6EC1FC}.Debug|Any CPU.ActiveCfg = Debug|Any CPU
		{CF4A0928-B456-49E5-9B8B-25307F6EC1FC}.Debug|Any CPU.Build.0 = Debug|Any CPU
		{CF4A0928-B456-49E5-9B8B-25307F6EC1FC}.Release|Any CPU.ActiveCfg = Release|Any CPU
		{CF4A0928-B456-49E5-9B8B-25307F6EC1FC}.Release|Any CPU.Build.0 = Release|Any CPU
		{228A9459-BD3D-4EF9-9C8B-9DEB44233D78}.Debug|Any CPU.ActiveCfg = Debug|Any CPU
		{228A9459-BD3D-4EF9-9C8B-9DEB44233D78}.Debug|Any CPU.Build.0 = Debug|Any CPU
		{228A9459-BD3D-4EF9-9C8B-9DEB44233D78}.Release|Any CPU.ActiveCfg = Release|Any CPU
		{228A9459-BD3D-4EF9-9C8B-9DEB44233D78}.Release|Any CPU.Build.0 = Release|Any CPU
		{B07FF48B-3D85-49D3-A487-C46596BCFF1B}.Debug|Any CPU.ActiveCfg = Debug|Any CPU
		{B07FF48B-3D85-49D3-A487-C46596BCFF1B}.Debug|Any CPU.Build.0 = Debug|Any CPU
		{B07FF48B-3D85-49D3-A487-C46596BCFF1B}.Release|Any CPU.ActiveCfg = Release|Any CPU
		{B07FF48B-3D85-49D3-A487-C46596BCFF1B}.Release|Any CPU.Build.0 = Release|Any CPU
	EndGlobalSection
	GlobalSection(SolutionProperties) = preSolution
		HideSolutionNode = FALSE
	EndGlobalSection
	GlobalSection(ExtensibilityGlobals) = postSolution
		SolutionGuid = {25789B05-FDBA-440E-A830-A416199798FE}
	EndGlobalSection
EndGlobal
